
Microsoft Visual Studio Solution File, Format Version 12.00
# Visual Studio Version 16
VisualStudioVersion = 16.0.29613.14
MinimumVisualStudioVersion = 10.0.40219.1
Project("{FAE04EC0-301F-11D3-BF4B-00C04F79EFBC}") = "StarshipResupplyCalculator", "StarshipResupplyCalculator\StarshipResupplyCalculator.csproj", "{28EF7527-25A2-4CEC-90E5-6193F36F5B16}"
EndProject
Global
	GlobalSection(SolutionConfigurationPlatforms) = preSolution
		Debug|Any CPU = Debug|Any CPU
		Release|Any CPU = Release|Any CPU
	EndGlobalSection
	GlobalSection(ProjectConfigurationPlatforms) = postSolution
		{28EF7527-25A2-4CEC-90E5-6193F36F5B16}.Debug|Any CPU.ActiveCfg = Debug|Any CPU
		{28EF7527-25A2-4CEC-90E5-6193F36F5B16}.Debug|Any CPU.Build.0 = Debug|Any CPU
		{28EF7527-25A2-4CEC-90E5-6193F36F5B16}.Release|Any CPU.ActiveCfg = Release|Any CPU
		{28EF7527-25A2-4CEC-90E5-6193F36F5B16}.Release|Any CPU.Build.0 = Release|Any CPU
	EndGlobalSection
	GlobalSection(SolutionProperties) = preSolution
		HideSolutionNode = FALSE
	EndGlobalSection
	GlobalSection(ExtensibilityGlobals) = postSolution
		SolutionGuid = {F28FAFC6-9670-46B3-B8AE-4601178C4273}
	EndGlobalSection
EndGlobal
